
Microsoft Visual Studio Solution File, Format Version 12.00
# Visual Studio Version 17
VisualStudioVersion = 17.10.34928.147
MinimumVisualStudioVersion = 10.0.40219.1
Project("{9A19103F-16F7-4668-BE54-9A1E7A4F7556}") = "Blog(Dirty)", "Blog(Dirty).csproj", "{938B225D-009C-496D-867F-59C2DAE2EC0E}"
EndProject
Project("{9A19103F-16F7-4668-BE54-9A1E7A4F7556}") = "Blog.Tests", "..\Blog.Tests\Blog.Tests.csproj", "{D4E4187C-E3E2-491A-9BE4-EA653D99C39A}"
EndProject
Global
	GlobalSection(SolutionConfigurationPlatforms) = preSolution
		Debug|Any CPU = Debug|Any CPU
		Release|Any CPU = Release|Any CPU
	EndGlobalSection
	GlobalSection(ProjectConfigurationPlatforms) = postSolution
		{938B225D-009C-496D-867F-59C2DAE2EC0E}.Debug|Any CPU.ActiveCfg = Debug|Any CPU
		{938B225D-009C-496D-867F-59C2DAE2EC0E}.Debug|Any CPU.Build.0 = Debug|Any CPU
		{938B225D-009C-496D-867F-59C2DAE2EC0E}.Release|Any CPU.ActiveCfg = Release|Any CPU
		{938B225D-009C-496D-867F-59C2DAE2EC0E}.Release|Any CPU.Build.0 = Release|Any CPU
		{D4E4187C-E3E2-491A-9BE4-EA653D99C39A}.Debug|Any CPU.ActiveCfg = Debug|Any CPU
		{D4E4187C-E3E2-491A-9BE4-EA653D99C39A}.Debug|Any CPU.Build.0 = Debug|Any CPU
		{D4E4187C-E3E2-491A-9BE4-EA653D99C39A}.Release|Any CPU.ActiveCfg = Release|Any CPU
		{D4E4187C-E3E2-491A-9BE4-EA653D99C39A}.Release|Any CPU.Build.0 = Release|Any CPU
	EndGlobalSection
	GlobalSection(SolutionProperties) = preSolution
		HideSolutionNode = FALSE
	EndGlobalSection
	GlobalSection(ExtensibilityGlobals) = postSolution
		SolutionGuid = {D68B598A-04E0-47B0-92A7-F9AFBF3F8F45}
	EndGlobalSection
EndGlobal
