
Microsoft Visual Studio Solution File, Format Version 12.00
# Visual Studio Version 17
VisualStudioVersion = 17.10.34928.147
MinimumVisualStudioVersion = 10.0.40219.1
Project("{FAE04EC0-301F-11D3-BF4B-00C04F79EFBC}") = "Blog", "Blog.csproj", "{FFC565F2-5DFF-45DD-B01E-3CABE9E59364}"
EndProject
Global
	GlobalSection(SolutionConfigurationPlatforms) = preSolution
		Debug|Any CPU = Debug|Any CPU
		Release|Any CPU = Release|Any CPU
	EndGlobalSection
	GlobalSection(ProjectConfigurationPlatforms) = postSolution
		{FFC565F2-5DFF-45DD-B01E-3CABE9E59364}.Debug|Any CPU.ActiveCfg = Debug|Any CPU
		{FFC565F2-5DFF-45DD-B01E-3CABE9E59364}.Debug|Any CPU.Build.0 = Debug|Any CPU
		{FFC565F2-5DFF-45DD-B01E-3CABE9E59364}.Release|Any CPU.ActiveCfg = Release|Any CPU
		{FFC565F2-5DFF-45DD-B01E-3CABE9E59364}.Release|Any CPU.Build.0 = Release|Any CPU
	EndGlobalSection
	GlobalSection(SolutionProperties) = preSolution
		HideSolutionNode = FALSE
	EndGlobalSection
	GlobalSection(ExtensibilityGlobals) = postSolution
		SolutionGuid = {CDF2A8F4-F13E-4F42-8E8F-07494F83A2BB}
	EndGlobalSection
EndGlobal
